
Microsoft Visual Studio Solution File, Format Version 12.00
# Visual Studio Version 17
VisualStudioVersion = 17.3.32611.2
MinimumVisualStudioVersion = 10.0.40219.1
Project("{FAE04EC0-301F-11D3-BF4B-00C04F79EFBC}") = "MiniExcelApp", "MiniExcelApp\MiniExcelApp.csproj", "{44428AB3-9F6C-48E1-B0AA-337F328C5834}"
EndProject
Global
	GlobalSection(SolutionConfigurationPlatforms) = preSolution
		Debug|Any CPU = Debug|Any CPU
		Release|Any CPU = Release|Any CPU
	EndGlobalSection
	GlobalSection(ProjectConfigurationPlatforms) = postSolution
		{44428AB3-9F6C-48E1-B0AA-337F328C5834}.Debug|Any CPU.ActiveCfg = Debug|Any CPU
		{44428AB3-9F6C-48E1-B0AA-337F328C5834}.Debug|Any CPU.Build.0 = Debug|Any CPU
		{44428AB3-9F6C-48E1-B0AA-337F328C5834}.Release|Any CPU.ActiveCfg = Release|Any CPU
		{44428AB3-9F6C-48E1-B0AA-337F328C5834}.Release|Any CPU.Build.0 = Release|Any CPU
	EndGlobalSection
	GlobalSection(SolutionProperties) = preSolution
		HideSolutionNode = FALSE
	EndGlobalSection
	GlobalSection(ExtensibilityGlobals) = postSolution
		SolutionGuid = {4C1A9EAE-2387-4FB9-BAC2-00BF4CFB6BC2}
	EndGlobalSection
EndGlobal
